
Microsoft Visual Studio Solution File, Format Version 12.00
# Visual Studio Version 16
VisualStudioVersion = 16.0.30517.126
MinimumVisualStudioVersion = 10.0.40219.1
Project("{9A19103F-16F7-4668-BE54-9A1E7A4F7556}") = "SuperMarket", "SuperMarket.csproj", "{6346E2A9-03D0-490A-AD3B-085A2473DAB2}"
EndProject
Project("{2150E333-8FDC-42A3-9474-1A3956D46DE8}") = "Solution Items", "Solution Items", "{0B98539A-FC1C-4DE8-A210-05DBFC755066}"
	ProjectSection(SolutionItems) = preProject
		.editorconfig = .editorconfig
	EndProjectSection
EndProject
Global
	GlobalSection(SolutionConfigurationPlatforms) = preSolution
		Debug|Any CPU = Debug|Any CPU
		Release|Any CPU = Release|Any CPU
	EndGlobalSection
	GlobalSection(ProjectConfigurationPlatforms) = postSolution
		{6346E2A9-03D0-490A-AD3B-085A2473DAB2}.Debug|Any CPU.ActiveCfg = Debug|Any CPU
		{6346E2A9-03D0-490A-AD3B-085A2473DAB2}.Debug|Any CPU.Build.0 = Debug|Any CPU
		{6346E2A9-03D0-490A-AD3B-085A2473DAB2}.Release|Any CPU.ActiveCfg = Release|Any CPU
		{6346E2A9-03D0-490A-AD3B-085A2473DAB2}.Release|Any CPU.Build.0 = Release|Any CPU
	EndGlobalSection
	GlobalSection(SolutionProperties) = preSolution
		HideSolutionNode = FALSE
	EndGlobalSection
	GlobalSection(ExtensibilityGlobals) = postSolution
		SolutionGuid = {A2C40760-E106-4F8A-A1D6-8EE6B8C0C91E}
	EndGlobalSection
EndGlobal
